
Microsoft Visual Studio Solution File, Format Version 12.00
# Visual Studio Version 16
VisualStudioVersion = 16.0.33130.400
MinimumVisualStudioVersion = 10.0.40219.1
Project("{FAE04EC0-301F-11D3-BF4B-00C04F79EFBC}") = "TektronixFlukeRemoteControl", "TektronixFlukeRemoteControl\TektronixFlukeRemoteControl.csproj", "{606965A7-85EC-4123-9411-954EDE0437AD}"
EndProject
Global
	GlobalSection(SolutionConfigurationPlatforms) = preSolution
		Debug|Any CPU = Debug|Any CPU
		Release|Any CPU = Release|Any CPU
	EndGlobalSection
	GlobalSection(ProjectConfigurationPlatforms) = postSolution
		{606965A7-85EC-4123-9411-954EDE0437AD}.Debug|Any CPU.ActiveCfg = Debug|Any CPU
		{606965A7-85EC-4123-9411-954EDE0437AD}.Debug|Any CPU.Build.0 = Debug|Any CPU
		{606965A7-85EC-4123-9411-954EDE0437AD}.Release|Any CPU.ActiveCfg = Release|Any CPU
		{606965A7-85EC-4123-9411-954EDE0437AD}.Release|Any CPU.Build.0 = Release|Any CPU
	EndGlobalSection
	GlobalSection(SolutionProperties) = preSolution
		HideSolutionNode = FALSE
	EndGlobalSection
	GlobalSection(ExtensibilityGlobals) = postSolution
		SolutionGuid = {7DB6CD56-F98F-4069-9F6B-2F919B97D527}
	EndGlobalSection
EndGlobal
